
Microsoft Visual Studio Solution File, Format Version 12.00
# Visual Studio Version 17
VisualStudioVersion = 17.11.35327.3
MinimumVisualStudioVersion = 10.0.40219.1
Project("{FAE04EC0-301F-11D3-BF4B-00C04F79EFBC}") = "StetcoBiancaLab7", "StetcoBiancaLab7.csproj", "{61F4848F-D2BE-42F8-B937-BD83C12C9840}"
EndProject
Global
	GlobalSection(SolutionConfigurationPlatforms) = preSolution
		Debug|Any CPU = Debug|Any CPU
		Release|Any CPU = Release|Any CPU
	EndGlobalSection
	GlobalSection(ProjectConfigurationPlatforms) = postSolution
		{61F4848F-D2BE-42F8-B937-BD83C12C9840}.Debug|Any CPU.ActiveCfg = Debug|Any CPU
		{61F4848F-D2BE-42F8-B937-BD83C12C9840}.Debug|Any CPU.Build.0 = Debug|Any CPU
		{61F4848F-D2BE-42F8-B937-BD83C12C9840}.Debug|Any CPU.Deploy.0 = Debug|Any CPU
		{61F4848F-D2BE-42F8-B937-BD83C12C9840}.Release|Any CPU.ActiveCfg = Release|Any CPU
		{61F4848F-D2BE-42F8-B937-BD83C12C9840}.Release|Any CPU.Build.0 = Release|Any CPU
		{61F4848F-D2BE-42F8-B937-BD83C12C9840}.Release|Any CPU.Deploy.0 = Release|Any CPU
	EndGlobalSection
	GlobalSection(SolutionProperties) = preSolution
		HideSolutionNode = FALSE
	EndGlobalSection
	GlobalSection(ExtensibilityGlobals) = postSolution
		SolutionGuid = {EA5F5456-9FA1-4860-9CF8-A2D785799346}
	EndGlobalSection
EndGlobal
